// !$*UTF8*$!
{
	archiveVersion = 1;
	classes = {
	};
	objectVersion = 46;
	objects = {

/* Begin PBXBuildFile section */
		9E12234E1BD5586500E33110 /* itesmLogo.png in Resources */ = {isa = PBXBuildFile; fileRef = 9E12234D1BD5586500E33110 /* itesmLogo.png */; };
		9E1223521BD562AA00E33110 /* Restart.png in Resources */ = {isa = PBXBuildFile; fileRef = 9E1223511BD562AA00E33110 /* Restart.png */; };
		9E2C254E1B9E4B3B00F50E99 /* AppDelegate.swift in Sources */ = {isa = PBXBuildFile; fileRef = 9E2C254D1B9E4B3B00F50E99 /* AppDelegate.swift */; };
		9E2C25501B9E4B3B00F50E99 /* loteria.swift in Sources */ = {isa = PBXBuildFile; fileRef = 9E2C254F1B9E4B3B00F50E99 /* loteria.swift */; };
		9E2C25531B9E4B3B00F50E99 /* Main.storyboard in Resources */ = {isa = PBXBuildFile; fileRef = 9E2C25511B9E4B3B00F50E99 /* Main.storyboard */; };
		9E2C25551B9E4B3B00F50E99 /* Images.xcassets in Resources */ = {isa = PBXBuildFile; fileRef = 9E2C25541B9E4B3B00F50E99 /* Images.xcassets */; };
		9E2C25581B9E4B3B00F50E99 /* LaunchScreen.xib in Resources */ = {isa = PBXBuildFile; fileRef = 9E2C25561B9E4B3B00F50E99 /* LaunchScreen.xib */; };
		9E2C25641B9E4B3B00F50E99 /* LoteriaCEDACTests.swift in Sources */ = {isa = PBXBuildFile; fileRef = 9E2C25631B9E4B3B00F50E99 /* LoteriaCEDACTests.swift */; };
		9E99BE9D1C03AB4200D49F1A /* abeja.jpg in Resources */ = {isa = PBXBuildFile; fileRef = 9E99BE9B1C03AB4200D49F1A /* abeja.jpg */; };
		9E99BE9E1C03AB4200D49F1A /* leon.jpg in Resources */ = {isa = PBXBuildFile; fileRef = 9E99BE9C1C03AB4200D49F1A /* leon.jpg */; };
		9E99BEAD1C03AB9300D49F1A /* abeja.wav in Resources */ = {isa = PBXBuildFile; fileRef = 9E99BE9F1C03AB9300D49F1A /* abeja.wav */; };
		9E99BEAE1C03AB9300D49F1A /* burro.wav in Resources */ = {isa = PBXBuildFile; fileRef = 9E99BEA01C03AB9300D49F1A /* burro.wav */; };
		9E99BEAF1C03AB9300D49F1A /* cerdo.wav in Resources */ = {isa = PBXBuildFile; fileRef = 9E99BEA11C03AB9300D49F1A /* cerdo.wav */; };
		9E99BEB01C03AB9300D49F1A /* elefante.wav in Resources */ = {isa = PBXBuildFile; fileRef = 9E99BEA21C03AB9300D49F1A /* elefante.wav */; };
		9E99BEB11C03AB9300D49F1A /* foca.wav in Resources */ = {isa = PBXBuildFile; fileRef = 9E99BEA31C03AB9300D49F1A /* foca.wav */; };
		9E99BEB21C03AB9300D49F1A /* gallo.wav in Resources */ = {isa = PBXBuildFile; fileRef = 9E99BEA41C03AB9300D49F1A /* gallo.wav */; };
		9E99BEB31C03AB9300D49F1A /* gato.wav in Resources */ = {isa = PBXBuildFile; fileRef = 9E99BEA51C03AB9300D49F1A /* gato.wav */; };
		9E99BEB41C03AB9300D49F1A /* leon.wav in Resources */ = {isa = PBXBuildFile; fileRef = 9E99BEA61C03AB9300D49F1A /* leon.wav */; };
		9E99BEB51C03AB9300D49F1A /* oveja.wav in Resources */ = {isa = PBXBuildFile; fileRef = 9E99BEA71C03AB9300D49F1A /* oveja.wav */; };
		9E99BEB61C03AB9300D49F1A /* pavo.wav in Resources */ = {isa = PBXBuildFile; fileRef = 9E99BEA81C03AB9300D49F1A /* pavo.wav */; };
		9E99BEB71C03AB9300D49F1A /* perro.wav in Resources */ = {isa = PBXBuildFile; fileRef = 9E99BEA91C03AB9300D49F1A /* perro.wav */; };
		9E99BEB81C03AB9300D49F1A /* pollo.wav in Resources */ = {isa = PBXBuildFile; fileRef = 9E99BEAA1C03AB9300D49F1A /* pollo.wav */; };
		9E99BEB91C03AB9300D49F1A /* rana.wav in Resources */ = {isa = PBXBuildFile; fileRef = 9E99BEAB1C03AB9300D49F1A /* rana.wav */; };
		9E99BEBA1C03AB9300D49F1A /* vaca.wav in Resources */ = {isa = PBXBuildFile; fileRef = 9E99BEAC1C03AB9300D49F1A /* vaca.wav */; };
		9EA3E8981C03B70B00551454 /* astronauta1.png in Resources */ = {isa = PBXBuildFile; fileRef = 9EA3E87C1C03B70B00551454 /* astronauta1.png */; };
		9EA3E8991C03B70B00551454 /* astronauta2.png in Resources */ = {isa = PBXBuildFile; fileRef = 9EA3E87D1C03B70B00551454 /* astronauta2.png */; };
		9EA3E89A1C03B70B00551454 /* atletismo1.png in Resources */ = {isa = PBXBuildFile; fileRef = 9EA3E87E1C03B70B00551454 /* atletismo1.png */; };
		9EA3E89B1C03B70B00551454 /* atletismo2.png in Resources */ = {isa = PBXBuildFile; fileRef = 9EA3E87F1C03B70B00551454 /* atletismo2.png */; };
		9EA3E89C1C03B70B00551454 /* basquetbol1.png in Resources */ = {isa = PBXBuildFile; fileRef = 9EA3E8801C03B70B00551454 /* basquetbol1.png */; };
		9EA3E89D1C03B70B00551454 /* basquetbol2.png in Resources */ = {isa = PBXBuildFile; fileRef = 9EA3E8811C03B70B00551454 /* basquetbol2.png */; };
		9EA3E89E1C03B70B00551454 /* bombero1.png in Resources */ = {isa = PBXBuildFile; fileRef = 9EA3E8821C03B70B00551454 /* bombero1.png */; };
		9EA3E89F1C03B70B00551454 /* bombero2.png in Resources */ = {isa = PBXBuildFile; fileRef = 9EA3E8831C03B70B00551454 /* bombero2.png */; };
		9EA3E8A01C03B70B00551454 /* carpintero1.png in Resources */ = {isa = PBXBuildFile; fileRef = 9EA3E8841C03B70B00551454 /* carpintero1.png */; };
		9EA3E8A11C03B70B00551454 /* carpintero2.png in Resources */ = {isa = PBXBuildFile; fileRef = 9EA3E8851C03B70B00551454 /* carpintero2.png */; };
		9EA3E8A21C03B70B00551454 /* chef1.png in Resources */ = {isa = PBXBuildFile; fileRef = 9EA3E8861C03B70B00551454 /* chef1.png */; };
		9EA3E8A31C03B70B00551454 /* chef2.png in Resources */ = {isa = PBXBuildFile; fileRef = 9EA3E8871C03B70B00551454 /* chef2.png */; };
		9EA3E8A41C03B70B00551454 /* fotografo1.png in Resources */ = {isa = PBXBuildFile; fileRef = 9EA3E8881C03B70B00551454 /* fotografo1.png */; };
		9EA3E8A51C03B70B00551454 /* fotografo2.png in Resources */ = {isa = PBXBuildFile; fileRef = 9EA3E8891C03B70B00551454 /* fotografo2.png */; };
		9EA3E8A61C03B70B00551454 /* futbolista1.png in Resources */ = {isa = PBXBuildFile; fileRef = 9EA3E88A1C03B70B00551454 /* futbolista1.png */; };
		9EA3E8A71C03B70B00551454 /* futbolista2.png in Resources */ = {isa = PBXBuildFile; fileRef = 9EA3E88B1C03B70B00551454 /* futbolista2.png */; };
		9EA3E8A81C03B70B00551454 /* jinete1.png in Resources */ = {isa = PBXBuildFile; fileRef = 9EA3E88C1C03B70B00551454 /* jinete1.png */; };
		9EA3E8A91C03B70B00551454 /* jinete2.png in Resources */ = {isa = PBXBuildFile; fileRef = 9EA3E88D1C03B70B00551454 /* jinete2.png */; };
		9EA3E8AA1C03B70B00551454 /* nadador1.png in Resources */ = {isa = PBXBuildFile; fileRef = 9EA3E88E1C03B70B00551454 /* nadador1.png */; };
		9EA3E8AB1C03B70B00551454 /* nadador2.png in Resources */ = {isa = PBXBuildFile; fileRef = 9EA3E88F1C03B70B00551454 /* nadador2.png */; };
		9EA3E8AC1C03B70B00551454 /* panadero1.png in Resources */ = {isa = PBXBuildFile; fileRef = 9EA3E8901C03B70B00551454 /* panadero1.png */; };
		9EA3E8AD1C03B70B00551454 /* panadero2.png in Resources */ = {isa = PBXBuildFile; fileRef = 9EA3E8911C03B70B00551454 /* panadero2.png */; };
		9EA3E8AE1C03B70B00551454 /* policia1.png in Resources */ = {isa = PBXBuildFile; fileRef = 9EA3E8921C03B70B00551454 /* policia1.png */; };
		9EA3E8AF1C03B70B00551454 /* policia2.png in Resources */ = {isa = PBXBuildFile; fileRef = 9EA3E8931C03B70B00551454 /* policia2.png */; };
		9EA3E8B01C03B70B00551454 /* profesor1.png in Resources */ = {isa = PBXBuildFile; fileRef = 9EA3E8941C03B70B00551454 /* profesor1.png */; };
		9EA3E8B11C03B70B00551454 /* profesor2.png in Resources */ = {isa = PBXBuildFile; fileRef = 9EA3E8951C03B70B00551454 /* profesor2.png */; };
		9EA3E8B21C03B70B00551454 /* tenista1.png in Resources */ = {isa = PBXBuildFile; fileRef = 9EA3E8961C03B70B00551454 /* tenista1.png */; };
		9EA3E8B31C03B70B00551454 /* tenista2.png in Resources */ = {isa = PBXBuildFile; fileRef = 9EA3E8971C03B70B00551454 /* tenista2.png */; };
		9EBDE3EC1BCC6467005D8FD3 /* Boton1Jug.png in Resources */ = {isa = PBXBuildFile; fileRef = 9EBDE3E01BCC6467005D8FD3 /* Boton1Jug.png */; };
		9EBDE3ED1BCC6467005D8FD3 /* BotonAcerca.png in Resources */ = {isa = PBXBuildFile; fileRef = 9EBDE3E11BCC6467005D8FD3 /* BotonAcerca.png */; };
		9EBDE3EE1BCC6467005D8FD3 /* BotonDarLasCartas.png in Resources */ = {isa = PBXBuildFile; fileRef = 9EBDE3E21BCC6467005D8FD3 /* BotonDarLasCartas.png */; };
		9EBDE3EF1BCC6467005D8FD3 /* BotonInstrucciones.png in Resources */ = {isa = PBXBuildFile; fileRef = 9EBDE3E31BCC6467005D8FD3 /* BotonInstrucciones.png */; };
		9EBDE3F01BCC6467005D8FD3 /* BotonJugar.png in Resources */ = {isa = PBXBuildFile; fileRef = 9EBDE3E41BCC6467005D8FD3 /* BotonJugar.png */; };
		9EBDE3F11BCC6467005D8FD3 /* BotonMultijug.png in Resources */ = {isa = PBXBuildFile; fileRef = 9EBDE3E51BCC6467005D8FD3 /* BotonMultijug.png */; };
		9EBDE3F21BCC6467005D8FD3 /* BotonNivel1.png in Resources */ = {isa = PBXBuildFile; fileRef = 9EBDE3E61BCC6467005D8FD3 /* BotonNivel1.png */; };
		9EBDE3F31BCC6467005D8FD3 /* BotonNivel2.png in Resources */ = {isa = PBXBuildFile; fileRef = 9EBDE3E71BCC6467005D8FD3 /* BotonNivel2.png */; };
		9EBDE3F41BCC6467005D8FD3 /* BotonNivel3.png in Resources */ = {isa = PBXBuildFile; fileRef = 9EBDE3E81BCC6467005D8FD3 /* BotonNivel3.png */; };
		9EBDE3F51BCC6467005D8FD3 /* Fondo.png in Resources */ = {isa = PBXBuildFile; fileRef = 9EBDE3E91BCC6467005D8FD3 /* Fondo.png */; };
		9EBDE3F61BCC6467005D8FD3 /* LogoLaLotería.png in Resources */ = {isa = PBXBuildFile; fileRef = 9EBDE3EA1BCC6467005D8FD3 /* LogoLaLotería.png */; };
		9EC758681BD5442F007AD577 /* arrow.png in Resources */ = {isa = PBXBuildFile; fileRef = 9EC758671BD5442F007AD577 /* arrow.png */; };
		9ECC60451BC8411500F8A70D /* SelectLevelViewController.swift in Sources */ = {isa = PBXBuildFile; fileRef = 9ECC60441BC8411500F8A70D /* SelectLevelViewController.swift */; };
		9ECC60471BC843A200F8A70D /* PlayModeViewController.swift in Sources */ = {isa = PBXBuildFile; fileRef = 9ECC60461BC843A200F8A70D /* PlayModeViewController.swift */; };
		9ECC60491BC8456E00F8A70D /* MultiplayerRoleViewController.swift in Sources */ = {isa = PBXBuildFile; fileRef = 9ECC60481BC8456E00F8A70D /* MultiplayerRoleViewController.swift */; };
		9EE5382D1C00F568008130EF /* AudioToolbox.framework in Frameworks */ = {isa = PBXBuildFile; fileRef = 9EE5382C1C00F568008130EF /* AudioToolbox.framework */; };
		9EE5382F1C00F5B9008130EF /* MultipeerConnectivity.framework in Frameworks */ = {isa = PBXBuildFile; fileRef = 9EE5382E1C00F5B9008130EF /* MultipeerConnectivity.framework */; };
		9EE5384D1C01044E008130EF /* sound.png in Resources */ = {isa = PBXBuildFile; fileRef = 9EE5384C1C01044E008130EF /* sound.png */; };
		9EE5384F1C0106B5008130EF /* LeroyJenkins in Resources */ = {isa = PBXBuildFile; fileRef = 9EE5384E1C0106B5008130EF /* LeroyJenkins */; };
		9EE5385C1C01261B008130EF /* burro.jpg in Resources */ = {isa = PBXBuildFile; fileRef = 9EE538501C01261B008130EF /* burro.jpg */; };
		9EE5385E1C01261B008130EF /* cerdo.jpg in Resources */ = {isa = PBXBuildFile; fileRef = 9EE538521C01261B008130EF /* cerdo.jpg */; };
		9EE538601C01261B008130EF /* elefante.jpg in Resources */ = {isa = PBXBuildFile; fileRef = 9EE538541C01261B008130EF /* elefante.jpg */; };
		9EE538611C01261B008130EF /* foca.jpg in Resources */ = {isa = PBXBuildFile; fileRef = 9EE538551C01261B008130EF /* foca.jpg */; };
		9EE538621C01261B008130EF /* gallo.jpg in Resources */ = {isa = PBXBuildFile; fileRef = 9EE538561C01261B008130EF /* gallo.jpg */; };
		9EE538631C01261B008130EF /* gato.jpg in Resources */ = {isa = PBXBuildFile; fileRef = 9EE538571C01261B008130EF /* gato.jpg */; };
		9EE538641C01261B008130EF /* oveja.jpg in Resources */ = {isa = PBXBuildFile; fileRef = 9EE538581C01261B008130EF /* oveja.jpg */; };
		9EE538651C01261B008130EF /* pavo.jpg in Resources */ = {isa = PBXBuildFile; fileRef = 9EE538591C01261B008130EF /* pavo.jpg */; };
		9EE538661C01261B008130EF /* perro.jpg in Resources */ = {isa = PBXBuildFile; fileRef = 9EE5385A1C01261B008130EF /* perro.jpg */; };
		9EE538671C01261B008130EF /* pollo.jpg in Resources */ = {isa = PBXBuildFile; fileRef = 9EE5385B1C01261B008130EF /* pollo.jpg */; };
		9EE5386A1C01282A008130EF /* rana.jpg in Resources */ = {isa = PBXBuildFile; fileRef = 9EE538681C01282A008130EF /* rana.jpg */; };
		9EE5386B1C01282A008130EF /* vaca.jpg in Resources */ = {isa = PBXBuildFile; fileRef = 9EE538691C01282A008130EF /* vaca.jpg */; };
		9EE5386C1C012E6E008130EF /* loteria.swift in Sources */ = {isa = PBXBuildFile; fileRef = 9E2C254F1B9E4B3B00F50E99 /* loteria.swift */; };
/* End PBXBuildFile section */

/* Begin PBXContainerItemProxy section */
		9E2C255E1B9E4B3B00F50E99 /* PBXContainerItemProxy */ = {
			isa = PBXContainerItemProxy;
			containerPortal = 9E2C25401B9E4B3B00F50E99 /* Project object */;
			proxyType = 1;
			remoteGlobalIDString = 9E2C25471B9E4B3B00F50E99;
			remoteInfo = LoteriaCEDAC;
		};
/* End PBXContainerItemProxy section */

/* Begin PBXFileReference section */
		9E12234D1BD5586500E33110 /* itesmLogo.png */ = {isa = PBXFileReference; lastKnownFileType = image.png; name = itesmLogo.png; path = Images/itesmLogo.png; sourceTree = "<group>"; };
		9E1223511BD562AA00E33110 /* Restart.png */ = {isa = PBXFileReference; lastKnownFileType = image.png; name = Restart.png; path = Images/Restart.png; sourceTree = "<group>"; };
		9E2C25481B9E4B3B00F50E99 /* LoteriaCEDAC.app */ = {isa = PBXFileReference; explicitFileType = wrapper.application; includeInIndex = 0; path = LoteriaCEDAC.app; sourceTree = BUILT_PRODUCTS_DIR; };
		9E2C254C1B9E4B3B00F50E99 /* Info.plist */ = {isa = PBXFileReference; lastKnownFileType = text.plist.xml; path = Info.plist; sourceTree = "<group>"; };
		9E2C254D1B9E4B3B00F50E99 /* AppDelegate.swift */ = {isa = PBXFileReference; lastKnownFileType = sourcecode.swift; path = AppDelegate.swift; sourceTree = "<group>"; };
		9E2C254F1B9E4B3B00F50E99 /* loteria.swift */ = {isa = PBXFileReference; lastKnownFileType = sourcecode.swift; path = loteria.swift; sourceTree = "<group>"; };
		9E2C25521B9E4B3B00F50E99 /* Base */ = {isa = PBXFileReference; lastKnownFileType = file.storyboard; name = Base; path = Base.lproj/Main.storyboard; sourceTree = "<group>"; };
		9E2C25541B9E4B3B00F50E99 /* Images.xcassets */ = {isa = PBXFileReference; lastKnownFileType = folder.assetcatalog; path = Images.xcassets; sourceTree = "<group>"; };
		9E2C25571B9E4B3B00F50E99 /* Base */ = {isa = PBXFileReference; lastKnownFileType = file.xib; name = Base; path = Base.lproj/LaunchScreen.xib; sourceTree = "<group>"; };
		9E2C255D1B9E4B3B00F50E99 /* LoteriaCEDACTests.xctest */ = {isa = PBXFileReference; explicitFileType = wrapper.cfbundle; includeInIndex = 0; path = LoteriaCEDACTests.xctest; sourceTree = BUILT_PRODUCTS_DIR; };
		9E2C25621B9E4B3B00F50E99 /* Info.plist */ = {isa = PBXFileReference; lastKnownFileType = text.plist.xml; path = Info.plist; sourceTree = "<group>"; };
		9E2C25631B9E4B3B00F50E99 /* LoteriaCEDACTests.swift */ = {isa = PBXFileReference; lastKnownFileType = sourcecode.swift; path = LoteriaCEDACTests.swift; sourceTree = "<group>"; };
		9E99BE9B1C03AB4200D49F1A /* abeja.jpg */ = {isa = PBXFileReference; lastKnownFileType = image.jpeg; path = abeja.jpg; sourceTree = "<group>"; };
		9E99BE9C1C03AB4200D49F1A /* leon.jpg */ = {isa = PBXFileReference; lastKnownFileType = image.jpeg; path = leon.jpg; sourceTree = "<group>"; };
		9E99BE9F1C03AB9300D49F1A /* abeja.wav */ = {isa = PBXFileReference; lastKnownFileType = audio.wav; path = abeja.wav; sourceTree = "<group>"; };
		9E99BEA01C03AB9300D49F1A /* burro.wav */ = {isa = PBXFileReference; lastKnownFileType = audio.wav; path = burro.wav; sourceTree = "<group>"; };
		9E99BEA11C03AB9300D49F1A /* cerdo.wav */ = {isa = PBXFileReference; lastKnownFileType = audio.wav; path = cerdo.wav; sourceTree = "<group>"; };
		9E99BEA21C03AB9300D49F1A /* elefante.wav */ = {isa = PBXFileReference; lastKnownFileType = audio.wav; path = elefante.wav; sourceTree = "<group>"; };
		9E99BEA31C03AB9300D49F1A /* foca.wav */ = {isa = PBXFileReference; lastKnownFileType = audio.wav; path = foca.wav; sourceTree = "<group>"; };
		9E99BEA41C03AB9300D49F1A /* gallo.wav */ = {isa = PBXFileReference; lastKnownFileType = audio.wav; path = gallo.wav; sourceTree = "<group>"; };
		9E99BEA51C03AB9300D49F1A /* gato.wav */ = {isa = PBXFileReference; lastKnownFileType = audio.wav; path = gato.wav; sourceTree = "<group>"; };
		9E99BEA61C03AB9300D49F1A /* leon.wav */ = {isa = PBXFileReference; lastKnownFileType = audio.wav; path = leon.wav; sourceTree = "<group>"; };
		9E99BEA71C03AB9300D49F1A /* oveja.wav */ = {isa = PBXFileReference; lastKnownFileType = audio.wav; path = oveja.wav; sourceTree = "<group>"; };
		9E99BEA81C03AB9300D49F1A /* pavo.wav */ = {isa = PBXFileReference; lastKnownFileType = audio.wav; path = pavo.wav; sourceTree = "<group>"; };
		9E99BEA91C03AB9300D49F1A /* perro.wav */ = {isa = PBXFileReference; lastKnownFileType = audio.wav; path = perro.wav; sourceTree = "<group>"; };
		9E99BEAA1C03AB9300D49F1A /* pollo.wav */ = {isa = PBXFileReference; lastKnownFileType = audio.wav; path = pollo.wav; sourceTree = "<group>"; };
		9E99BEAB1C03AB9300D49F1A /* rana.wav */ = {isa = PBXFileReference; lastKnownFileType = audio.wav; path = rana.wav; sourceTree = "<group>"; };
		9E99BEAC1C03AB9300D49F1A /* vaca.wav */ = {isa = PBXFileReference; lastKnownFileType = audio.wav; path = vaca.wav; sourceTree = "<group>"; };
		9EA3E87C1C03B70B00551454 /* astronauta1.png */ = {isa = PBXFileReference; lastKnownFileType = image.png; path = astronauta1.png; sourceTree = "<group>"; };
		9EA3E87D1C03B70B00551454 /* astronauta2.png */ = {isa = PBXFileReference; lastKnownFileType = image.png; path = astronauta2.png; sourceTree = "<group>"; };
		9EA3E87E1C03B70B00551454 /* atletismo1.png */ = {isa = PBXFileReference; lastKnownFileType = image.png; path = atletismo1.png; sourceTree = "<group>"; };
		9EA3E87F1C03B70B00551454 /* atletismo2.png */ = {isa = PBXFileReference; lastKnownFileType = image.png; path = atletismo2.png; sourceTree = "<group>"; };
		9EA3E8801C03B70B00551454 /* basquetbol1.png */ = {isa = PBXFileReference; lastKnownFileType = image.png; path = basquetbol1.png; sourceTree = "<group>"; };
		9EA3E8811C03B70B00551454 /* basquetbol2.png */ = {isa = PBXFileReference; lastKnownFileType = image.png; path = basquetbol2.png; sourceTree = "<group>"; };
		9EA3E8821C03B70B00551454 /* bombero1.png */ = {isa = PBXFileReference; lastKnownFileType = image.png; path = bombero1.png; sourceTree = "<group>"; };
		9EA3E8831C03B70B00551454 /* bombero2.png */ = {isa = PBXFileReference; lastKnownFileType = image.png; path = bombero2.png; sourceTree = "<group>"; };
		9EA3E8841C03B70B00551454 /* carpintero1.png */ = {isa = PBXFileReference; lastKnownFileType = image.png; path = carpintero1.png; sourceTree = "<group>"; };
		9EA3E8851C03B70B00551454 /* carpintero2.png */ = {isa = PBXFileReference; lastKnownFileType = image.png; path = carpintero2.png; sourceTree = "<group>"; };
		9EA3E8861C03B70B00551454 /* chef1.png */ = {isa = PBXFileReference; lastKnownFileType = image.png; path = chef1.png; sourceTree = "<group>"; };
		9EA3E8871C03B70B00551454 /* chef2.png */ = {isa = PBXFileReference; lastKnownFileType = image.png; path = chef2.png; sourceTree = "<group>"; };
		9EA3E8881C03B70B00551454 /* fotografo1.png */ = {isa = PBXFileReference; lastKnownFileType = image.png; path = fotografo1.png; sourceTree = "<group>"; };
		9EA3E8891C03B70B00551454 /* fotografo2.png */ = {isa = PBXFileReference; lastKnownFileType = image.png; path = fotografo2.png; sourceTree = "<group>"; };
		9EA3E88A1C03B70B00551454 /* futbolista1.png */ = {isa = PBXFileReference; lastKnownFileType = image.png; path = futbolista1.png; sourceTree = "<group>"; };
		9EA3E88B1C03B70B00551454 /* futbolista2.png */ = {isa = PBXFileReference; lastKnownFileType = image.png; path = futbolista2.png; sourceTree = "<group>"; };
		9EA3E88C1C03B70B00551454 /* jinete1.png */ = {isa = PBXFileReference; lastKnownFileType = image.png; path = jinete1.png; sourceTree = "<group>"; };
		9EA3E88D1C03B70B00551454 /* jinete2.png */ = {isa = PBXFileReference; lastKnownFileType = image.png; path = jinete2.png; sourceTree = "<group>"; };
		9EA3E88E1C03B70B00551454 /* nadador1.png */ = {isa = PBXFileReference; lastKnownFileType = image.png; path = nadador1.png; sourceTree = "<group>"; };
		9EA3E88F1C03B70B00551454 /* nadador2.png */ = {isa = PBXFileReference; lastKnownFileType = image.png; path = nadador2.png; sourceTree = "<group>"; };
		9EA3E8901C03B70B00551454 /* panadero1.png */ = {isa = PBXFileReference; lastKnownFileType = image.png; path = panadero1.png; sourceTree = "<group>"; };
		9EA3E8911C03B70B00551454 /* panadero2.png */ = {isa = PBXFileReference; lastKnownFileType = image.png; path = panadero2.png; sourceTree = "<group>"; };
		9EA3E8921C03B70B00551454 /* policia1.png */ = {isa = PBXFileReference; lastKnownFileType = image.png; path = policia1.png; sourceTree = "<group>"; };
		9EA3E8931C03B70B00551454 /* policia2.png */ = {isa = PBXFileReference; lastKnownFileType = image.png; path = policia2.png; sourceTree = "<group>"; };
		9EA3E8941C03B70B00551454 /* profesor1.png */ = {isa = PBXFileReference; lastKnownFileType = image.png; path = profesor1.png; sourceTree = "<group>"; };
		9EA3E8951C03B70B00551454 /* profesor2.png */ = {isa = PBXFileReference; lastKnownFileType = image.png; path = profesor2.png; sourceTree = "<group>"; };
		9EA3E8961C03B70B00551454 /* tenista1.png */ = {isa = PBXFileReference; lastKnownFileType = image.png; path = tenista1.png; sourceTree = "<group>"; };
		9EA3E8971C03B70B00551454 /* tenista2.png */ = {isa = PBXFileReference; lastKnownFileType = image.png; path = tenista2.png; sourceTree = "<group>"; };
		9EBDE3E01BCC6467005D8FD3 /* Boton1Jug.png */ = {isa = PBXFileReference; lastKnownFileType = image.png; name = Boton1Jug.png; path = Images/Boton1Jug.png; sourceTree = "<group>"; };
		9EBDE3E11BCC6467005D8FD3 /* BotonAcerca.png */ = {isa = PBXFileReference; lastKnownFileType = image.png; name = BotonAcerca.png; path = Images/BotonAcerca.png; sourceTree = "<group>"; };
		9EBDE3E21BCC6467005D8FD3 /* BotonDarLasCartas.png */ = {isa = PBXFileReference; lastKnownFileType = image.png; name = BotonDarLasCartas.png; path = Images/BotonDarLasCartas.png; sourceTree = "<group>"; };
		9EBDE3E31BCC6467005D8FD3 /* BotonInstrucciones.png */ = {isa = PBXFileReference; lastKnownFileType = image.png; name = BotonInstrucciones.png; path = Images/BotonInstrucciones.png; sourceTree = "<group>"; };
		9EBDE3E41BCC6467005D8FD3 /* BotonJugar.png */ = {isa = PBXFileReference; lastKnownFileType = image.png; name = BotonJugar.png; path = Images/BotonJugar.png; sourceTree = "<group>"; };
		9EBDE3E51BCC6467005D8FD3 /* BotonMultijug.png */ = {isa = PBXFileReference; lastKnownFileType = image.png; name = BotonMultijug.png; path = Images/BotonMultijug.png; sourceTree = "<group>"; };
		9EBDE3E61BCC6467005D8FD3 /* BotonNivel1.png */ = {isa = PBXFileReference; lastKnownFileType = image.png; name = BotonNivel1.png; path = Images/BotonNivel1.png; sourceTree = "<group>"; };
		9EBDE3E71BCC6467005D8FD3 /* BotonNivel2.png */ = {isa = PBXFileReference; lastKnownFileType = image.png; name = BotonNivel2.png; path = Images/BotonNivel2.png; sourceTree = "<group>"; };
		9EBDE3E81BCC6467005D8FD3 /* BotonNivel3.png */ = {isa = PBXFileReference; lastKnownFileType = image.png; name = BotonNivel3.png; path = Images/BotonNivel3.png; sourceTree = "<group>"; };
		9EBDE3E91BCC6467005D8FD3 /* Fondo.png */ = {isa = PBXFileReference; lastKnownFileType = image.png; name = Fondo.png; path = Images/Fondo.png; sourceTree = "<group>"; };
		9EBDE3EA1BCC6467005D8FD3 /* LogoLaLotería.png */ = {isa = PBXFileReference; lastKnownFileType = image.png; name = "LogoLaLotería.png"; path = "Images/LogoLaLotería.png"; sourceTree = "<group>"; };
		9EC758671BD5442F007AD577 /* arrow.png */ = {isa = PBXFileReference; lastKnownFileType = image.png; name = arrow.png; path = Images/arrow.png; sourceTree = "<group>"; };
		9ECC60441BC8411500F8A70D /* SelectLevelViewController.swift */ = {isa = PBXFileReference; fileEncoding = 4; lastKnownFileType = sourcecode.swift; path = SelectLevelViewController.swift; sourceTree = "<group>"; };
		9ECC60461BC843A200F8A70D /* PlayModeViewController.swift */ = {isa = PBXFileReference; fileEncoding = 4; lastKnownFileType = sourcecode.swift; path = PlayModeViewController.swift; sourceTree = "<group>"; };
		9ECC60481BC8456E00F8A70D /* MultiplayerRoleViewController.swift */ = {isa = PBXFileReference; fileEncoding = 4; lastKnownFileType = sourcecode.swift; path = MultiplayerRoleViewController.swift; sourceTree = "<group>"; };
		9EE5382C1C00F568008130EF /* AudioToolbox.framework */ = {isa = PBXFileReference; lastKnownFileType = wrapper.framework; name = AudioToolbox.framework; path = System/Library/Frameworks/AudioToolbox.framework; sourceTree = SDKROOT; };
		9EE5382E1C00F5B9008130EF /* MultipeerConnectivity.framework */ = {isa = PBXFileReference; lastKnownFileType = wrapper.framework; name = MultipeerConnectivity.framework; path = System/Library/Frameworks/MultipeerConnectivity.framework; sourceTree = SDKROOT; };
		9EE5384C1C01044E008130EF /* sound.png */ = {isa = PBXFileReference; lastKnownFileType = image.png; path = sound.png; sourceTree = "<group>"; };
		9EE5384E1C0106B5008130EF /* LeroyJenkins */ = {isa = PBXFileReference; lastKnownFileType = file; path = LeroyJenkins; sourceTree = "<group>"; };
		9EE538501C01261B008130EF /* burro.jpg */ = {isa = PBXFileReference; lastKnownFileType = image.jpeg; path = burro.jpg; sourceTree = "<group>"; };
		9EE538521C01261B008130EF /* cerdo.jpg */ = {isa = PBXFileReference; lastKnownFileType = image.jpeg; path = cerdo.jpg; sourceTree = "<group>"; };
		9EE538541C01261B008130EF /* elefante.jpg */ = {isa = PBXFileReference; lastKnownFileType = image.jpeg; path = elefante.jpg; sourceTree = "<group>"; };
		9EE538551C01261B008130EF /* foca.jpg */ = {isa = PBXFileReference; lastKnownFileType = image.jpeg; path = foca.jpg; sourceTree = "<group>"; };
		9EE538561C01261B008130EF /* gallo.jpg */ = {isa = PBXFileReference; lastKnownFileType = image.jpeg; path = gallo.jpg; sourceTree = "<group>"; };
		9EE538571C01261B008130EF /* gato.jpg */ = {isa = PBXFileReference; lastKnownFileType = image.jpeg; path = gato.jpg; sourceTree = "<group>"; };
		9EE538581C01261B008130EF /* oveja.jpg */ = {isa = PBXFileReference; lastKnownFileType = image.jpeg; path = oveja.jpg; sourceTree = "<group>"; };
		9EE538591C01261B008130EF /* pavo.jpg */ = {isa = PBXFileReference; lastKnownFileType = image.jpeg; path = pavo.jpg; sourceTree = "<group>"; };
		9EE5385A1C01261B008130EF /* perro.jpg */ = {isa = PBXFileReference; lastKnownFileType = image.jpeg; path = perro.jpg; sourceTree = "<group>"; };
		9EE5385B1C01261B008130EF /* pollo.jpg */ = {isa = PBXFileReference; lastKnownFileType = image.jpeg; path = pollo.jpg; sourceTree = "<group>"; };
		9EE538681C01282A008130EF /* rana.jpg */ = {isa = PBXFileReference; lastKnownFileType = image.jpeg; path = rana.jpg; sourceTree = "<group>"; };
		9EE538691C01282A008130EF /* vaca.jpg */ = {isa = PBXFileReference; lastKnownFileType = image.jpeg; path = vaca.jpg; sourceTree = "<group>"; };
/* End PBXFileReference section */

/* Begin PBXFrameworksBuildPhase section */
		9E2C25451B9E4B3B00F50E99 /* Frameworks */ = {
			isa = PBXFrameworksBuildPhase;
			buildActionMask = 2147483647;
			files = (
				9EE5382F1C00F5B9008130EF /* MultipeerConnectivity.framework in Frameworks */,
				9EE5382D1C00F568008130EF /* AudioToolbox.framework in Frameworks */,
			);
			runOnlyForDeploymentPostprocessing = 0;
		};
		9E2C255A1B9E4B3B00F50E99 /* Frameworks */ = {
			isa = PBXFrameworksBuildPhase;
			buildActionMask = 2147483647;
			files = (
			);
			runOnlyForDeploymentPostprocessing = 0;
		};
/* End PBXFrameworksBuildPhase section */

/* Begin PBXGroup section */
		9E2C253F1B9E4B3B00F50E99 = {
			isa = PBXGroup;
			children = (
				9EE5382E1C00F5B9008130EF /* MultipeerConnectivity.framework */,
				9EE5382C1C00F568008130EF /* AudioToolbox.framework */,
				9E2C254A1B9E4B3B00F50E99 /* LoteriaCEDAC */,
				9E2C25601B9E4B3B00F50E99 /* LoteriaCEDACTests */,
				9E2C25491B9E4B3B00F50E99 /* Products */,
			);
			sourceTree = "<group>";
		};
		9E2C25491B9E4B3B00F50E99 /* Products */ = {
			isa = PBXGroup;
			children = (
				9E2C25481B9E4B3B00F50E99 /* LoteriaCEDAC.app */,
				9E2C255D1B9E4B3B00F50E99 /* LoteriaCEDACTests.xctest */,
			);
			name = Products;
			sourceTree = "<group>";
		};
		9E2C254A1B9E4B3B00F50E99 /* LoteriaCEDAC */ = {
			isa = PBXGroup;
			children = (
				9EA3E87C1C03B70B00551454 /* astronauta1.png */,
				9EA3E87D1C03B70B00551454 /* astronauta2.png */,
				9EA3E87E1C03B70B00551454 /* atletismo1.png */,
				9EA3E87F1C03B70B00551454 /* atletismo2.png */,
				9EA3E8801C03B70B00551454 /* basquetbol1.png */,
				9EA3E8811C03B70B00551454 /* basquetbol2.png */,
				9EA3E8821C03B70B00551454 /* bombero1.png */,
				9EA3E8831C03B70B00551454 /* bombero2.png */,
				9EA3E8841C03B70B00551454 /* carpintero1.png */,
				9EA3E8851C03B70B00551454 /* carpintero2.png */,
				9EA3E8861C03B70B00551454 /* chef1.png */,
				9EA3E8871C03B70B00551454 /* chef2.png */,
				9EA3E8881C03B70B00551454 /* fotografo1.png */,
				9EA3E8891C03B70B00551454 /* fotografo2.png */,
				9EA3E88A1C03B70B00551454 /* futbolista1.png */,
				9EA3E88B1C03B70B00551454 /* futbolista2.png */,
				9EA3E88C1C03B70B00551454 /* jinete1.png */,
				9EA3E88D1C03B70B00551454 /* jinete2.png */,
				9EA3E88E1C03B70B00551454 /* nadador1.png */,
				9EA3E88F1C03B70B00551454 /* nadador2.png */,
				9EA3E8901C03B70B00551454 /* panadero1.png */,
				9EA3E8911C03B70B00551454 /* panadero2.png */,
				9EA3E8921C03B70B00551454 /* policia1.png */,
				9EA3E8931C03B70B00551454 /* policia2.png */,
				9EA3E8941C03B70B00551454 /* profesor1.png */,
				9EA3E8951C03B70B00551454 /* profesor2.png */,
				9EA3E8961C03B70B00551454 /* tenista1.png */,
				9EA3E8971C03B70B00551454 /* tenista2.png */,
				9E99BE9F1C03AB9300D49F1A /* abeja.wav */,
				9E99BEA01C03AB9300D49F1A /* burro.wav */,
				9E99BEA11C03AB9300D49F1A /* cerdo.wav */,
				9E99BEA21C03AB9300D49F1A /* elefante.wav */,
				9E99BEA31C03AB9300D49F1A /* foca.wav */,
				9E99BEA41C03AB9300D49F1A /* gallo.wav */,
				9E99BEA51C03AB9300D49F1A /* gato.wav */,
				9E99BEA61C03AB9300D49F1A /* leon.wav */,
				9E99BEA71C03AB9300D49F1A /* oveja.wav */,
				9E99BEA81C03AB9300D49F1A /* pavo.wav */,
				9E99BEA91C03AB9300D49F1A /* perro.wav */,
				9E99BEAA1C03AB9300D49F1A /* pollo.wav */,
				9E99BEAB1C03AB9300D49F1A /* rana.wav */,
				9E99BEAC1C03AB9300D49F1A /* vaca.wav */,
				9E99BE9B1C03AB4200D49F1A /* abeja.jpg */,
				9E99BE9C1C03AB4200D49F1A /* leon.jpg */,
				9EE538501C01261B008130EF /* burro.jpg */,
				9EE538521C01261B008130EF /* cerdo.jpg */,
				9EE538541C01261B008130EF /* elefante.jpg */,
				9EE538551C01261B008130EF /* foca.jpg */,
				9EE538561C01261B008130EF /* gallo.jpg */,
				9EE538681C01282A008130EF /* rana.jpg */,
				9EE538691C01282A008130EF /* vaca.jpg */,
				9EE538571C01261B008130EF /* gato.jpg */,
				9EE538581C01261B008130EF /* oveja.jpg */,
				9EE538591C01261B008130EF /* pavo.jpg */,
				9EE5385A1C01261B008130EF /* perro.jpg */,
				9EE5385B1C01261B008130EF /* pollo.jpg */,
				9EE5384C1C01044E008130EF /* sound.png */,
				9E1223511BD562AA00E33110 /* Restart.png */,
				9E12234D1BD5586500E33110 /* itesmLogo.png */,
				9EC758671BD5442F007AD577 /* arrow.png */,
				9EBDE3E01BCC6467005D8FD3 /* Boton1Jug.png */,
				9EBDE3E11BCC6467005D8FD3 /* BotonAcerca.png */,
				9EBDE3E21BCC6467005D8FD3 /* BotonDarLasCartas.png */,
				9EBDE3E31BCC6467005D8FD3 /* BotonInstrucciones.png */,
				9EBDE3E41BCC6467005D8FD3 /* BotonJugar.png */,
				9EBDE3E51BCC6467005D8FD3 /* BotonMultijug.png */,
				9EBDE3E61BCC6467005D8FD3 /* BotonNivel1.png */,
				9EBDE3E71BCC6467005D8FD3 /* BotonNivel2.png */,
				9EBDE3E81BCC6467005D8FD3 /* BotonNivel3.png */,
				9EBDE3E91BCC6467005D8FD3 /* Fondo.png */,
				9EE5384E1C0106B5008130EF /* LeroyJenkins */,
				9EBDE3EA1BCC6467005D8FD3 /* LogoLaLotería.png */,
				9E2C254D1B9E4B3B00F50E99 /* AppDelegate.swift */,
				9E2C254F1B9E4B3B00F50E99 /* loteria.swift */,
				9ECC60441BC8411500F8A70D /* SelectLevelViewController.swift */,
				9ECC60461BC843A200F8A70D /* PlayModeViewController.swift */,
				9ECC60481BC8456E00F8A70D /* MultiplayerRoleViewController.swift */,
				9E2C25511B9E4B3B00F50E99 /* Main.storyboard */,
				9E2C25541B9E4B3B00F50E99 /* Images.xcassets */,
				9E2C25561B9E4B3B00F50E99 /* LaunchScreen.xib */,
				9E2C254B1B9E4B3B00F50E99 /* Supporting Files */,
			);
			path = LoteriaCEDAC;
			sourceTree = "<group>";
		};
		9E2C254B1B9E4B3B00F50E99 /* Supporting Files */ = {
			isa = PBXGroup;
			children = (
				9E2C254C1B9E4B3B00F50E99 /* Info.plist */,
			);
			name = "Supporting Files";
			sourceTree = "<group>";
		};
		9E2C25601B9E4B3B00F50E99 /* LoteriaCEDACTests */ = {
			isa = PBXGroup;
			children = (
				9E2C25631B9E4B3B00F50E99 /* LoteriaCEDACTests.swift */,
				9E2C25611B9E4B3B00F50E99 /* Supporting Files */,
			);
			path = LoteriaCEDACTests;
			sourceTree = "<group>";
		};
		9E2C25611B9E4B3B00F50E99 /* Supporting Files */ = {
			isa = PBXGroup;
			children = (
				9E2C25621B9E4B3B00F50E99 /* Info.plist */,
			);
			name = "Supporting Files";
			sourceTree = "<group>";
		};
/* End PBXGroup section */

/* Begin PBXNativeTarget section */
		9E2C25471B9E4B3B00F50E99 /* LoteriaCEDAC */ = {
			isa = PBXNativeTarget;
			buildConfigurationList = 9E2C25671B9E4B3B00F50E99 /* Build configuration list for PBXNativeTarget "LoteriaCEDAC" */;
			buildPhases = (
				9E2C25441B9E4B3B00F50E99 /* Sources */,
				9E2C25451B9E4B3B00F50E99 /* Frameworks */,
				9E2C25461B9E4B3B00F50E99 /* Resources */,
			);
			buildRules = (
			);
			dependencies = (
			);
			name = LoteriaCEDAC;
			productName = LoteriaCEDAC;
			productReference = 9E2C25481B9E4B3B00F50E99 /* LoteriaCEDAC.app */;
			productType = "com.apple.product-type.application";
		};
		9E2C255C1B9E4B3B00F50E99 /* LoteriaCEDACTests */ = {
			isa = PBXNativeTarget;
			buildConfigurationList = 9E2C256A1B9E4B3B00F50E99 /* Build configuration list for PBXNativeTarget "LoteriaCEDACTests" */;
			buildPhases = (
				9E2C25591B9E4B3B00F50E99 /* Sources */,
				9E2C255A1B9E4B3B00F50E99 /* Frameworks */,
				9E2C255B1B9E4B3B00F50E99 /* Resources */,
			);
			buildRules = (
			);
			dependencies = (
				9E2C255F1B9E4B3B00F50E99 /* PBXTargetDependency */,
			);
			name = LoteriaCEDACTests;
			productName = LoteriaCEDACTests;
			productReference = 9E2C255D1B9E4B3B00F50E99 /* LoteriaCEDACTests.xctest */;
			productType = "com.apple.product-type.bundle.unit-test";
		};
/* End PBXNativeTarget section */

/* Begin PBXProject section */
		9E2C25401B9E4B3B00F50E99 /* Project object */ = {
			isa = PBXProject;
			attributes = {
				LastSwiftMigration = 0710;
				LastSwiftUpdateCheck = 0710;
				LastUpgradeCheck = 0710;
				ORGANIZATIONNAME = CEDAC;
				TargetAttributes = {
					9E2C25471B9E4B3B00F50E99 = {
						CreatedOnToolsVersion = 6.4;
					};
					9E2C255C1B9E4B3B00F50E99 = {
						CreatedOnToolsVersion = 6.4;
						TestTargetID = 9E2C25471B9E4B3B00F50E99;
					};
				};
			};
			buildConfigurationList = 9E2C25431B9E4B3B00F50E99 /* Build configuration list for PBXProject "LoteriaCEDAC" */;
			compatibilityVersion = "Xcode 3.2";
			developmentRegion = English;
			hasScannedForEncodings = 0;
			knownRegions = (
				en,
				Base,
			);
			mainGroup = 9E2C253F1B9E4B3B00F50E99;
			productRefGroup = 9E2C25491B9E4B3B00F50E99 /* Products */;
			projectDirPath = "";
			projectRoot = "";
			targets = (
				9E2C25471B9E4B3B00F50E99 /* LoteriaCEDAC */,
				9E2C255C1B9E4B3B00F50E99 /* LoteriaCEDACTests */,
			);
		};
/* End PBXProject section */

/* Begin PBXResourcesBuildPhase section */
		9E2C25461B9E4B3B00F50E99 /* Resources */ = {
			isa = PBXResourcesBuildPhase;
			buildActionMask = 2147483647;
			files = (
				9EBDE3F01BCC6467005D8FD3 /* BotonJugar.png in Resources */,
				9EA3E89C1C03B70B00551454 /* basquetbol1.png in Resources */,
				9EA3E8A01C03B70B00551454 /* carpintero1.png in Resources */,
				9E99BE9E1C03AB4200D49F1A /* leon.jpg in Resources */,
				9EBDE3F61BCC6467005D8FD3 /* LogoLaLotería.png in Resources */,
				9EA3E8991C03B70B00551454 /* astronauta2.png in Resources */,
				9EA3E8A31C03B70B00551454 /* chef2.png in Resources */,
				9EE538661C01261B008130EF /* perro.jpg in Resources */,
				9EA3E8A61C03B70B00551454 /* futbolista1.png in Resources */,
				9E99BEB51C03AB9300D49F1A /* oveja.wav in Resources */,
				9EA3E8A91C03B70B00551454 /* jinete2.png in Resources */,
				9EE5384D1C01044E008130EF /* sound.png in Resources */,
				9EA3E8A51C03B70B00551454 /* fotografo2.png in Resources */,
				9EA3E8A71C03B70B00551454 /* futbolista2.png in Resources */,
				9EE538621C01261B008130EF /* gallo.jpg in Resources */,
				9EE5385E1C01261B008130EF /* cerdo.jpg in Resources */,
				9EA3E89D1C03B70B00551454 /* basquetbol2.png in Resources */,
				9EBDE3F21BCC6467005D8FD3 /* BotonNivel1.png in Resources */,
				9E12234E1BD5586500E33110 /* itesmLogo.png in Resources */,
				9EE538611C01261B008130EF /* foca.jpg in Resources */,
				9E99BEB01C03AB9300D49F1A /* elefante.wav in Resources */,
				9EA3E8B11C03B70B00551454 /* profesor2.png in Resources */,
				9EA3E8AA1C03B70B00551454 /* nadador1.png in Resources */,
				9E99BEAD1C03AB9300D49F1A /* abeja.wav in Resources */,
				9EA3E8AC1C03B70B00551454 /* panadero1.png in Resources */,
				9E1223521BD562AA00E33110 /* Restart.png in Resources */,
				9EA3E8B21C03B70B00551454 /* tenista1.png in Resources */,
				9EE5385C1C01261B008130EF /* burro.jpg in Resources */,
				9E99BE9D1C03AB4200D49F1A /* abeja.jpg in Resources */,
				9EA3E8B31C03B70B00551454 /* tenista2.png in Resources */,
				9E99BEB61C03AB9300D49F1A /* pavo.wav in Resources */,
				9E99BEB31C03AB9300D49F1A /* gato.wav in Resources */,
				9EE538671C01261B008130EF /* pollo.jpg in Resources */,
				9EBDE3F51BCC6467005D8FD3 /* Fondo.png in Resources */,
				9EA3E89F1C03B70B00551454 /* bombero2.png in Resources */,
				9EBDE3ED1BCC6467005D8FD3 /* BotonAcerca.png in Resources */,
				9EA3E8981C03B70B00551454 /* astronauta1.png in Resources */,
				9EE538641C01261B008130EF /* oveja.jpg in Resources */,
				9E99BEAF1C03AB9300D49F1A /* cerdo.wav in Resources */,
				9E99BEB81C03AB9300D49F1A /* pollo.wav in Resources */,
				9EBDE3F31BCC6467005D8FD3 /* BotonNivel2.png in Resources */,
				9EA3E8A21C03B70B00551454 /* chef1.png in Resources */,
				9EC758681BD5442F007AD577 /* arrow.png in Resources */,
				9EBDE3F11BCC6467005D8FD3 /* BotonMultijug.png in Resources */,
				9EA3E89B1C03B70B00551454 /* atletismo2.png in Resources */,
				9EBDE3EC1BCC6467005D8FD3 /* Boton1Jug.png in Resources */,
				9E2C25531B9E4B3B00F50E99 /* Main.storyboard in Resources */,
				9E99BEB21C03AB9300D49F1A /* gallo.wav in Resources */,
				9E99BEB41C03AB9300D49F1A /* leon.wav in Resources */,
				9EBDE3EF1BCC6467005D8FD3 /* BotonInstrucciones.png in Resources */,
				9EA3E8A41C03B70B00551454 /* fotografo1.png in Resources */,
				9EE5384F1C0106B5008130EF /* LeroyJenkins in Resources */,
				9EA3E8A81C03B70B00551454 /* jinete1.png in Resources */,
				9EA3E8AF1C03B70B00551454 /* policia2.png in Resources */,
				9EE538651C01261B008130EF /* pavo.jpg in Resources */,
				9EE5386A1C01282A008130EF /* rana.jpg in Resources */,
				9E99BEB11C03AB9300D49F1A /* foca.wav in Resources */,
				9EBDE3F41BCC6467005D8FD3 /* BotonNivel3.png in Resources */,
				9EE538631C01261B008130EF /* gato.jpg in Resources */,
				9E99BEB71C03AB9300D49F1A /* perro.wav in Resources */,
				9EA3E8B01C03B70B00551454 /* profesor1.png in Resources */,
				9EA3E8AB1C03B70B00551454 /* nadador2.png in Resources */,
				9E2C25581B9E4B3B00F50E99 /* LaunchScreen.xib in Resources */,
				9E99BEB91C03AB9300D49F1A /* rana.wav in Resources */,
				9E99BEBA1C03AB9300D49F1A /* vaca.wav in Resources */,
				9EA3E8AD1C03B70B00551454 /* panadero2.png in Resources */,
				9EBDE3EE1BCC6467005D8FD3 /* BotonDarLasCartas.png in Resources */,
				9EA3E89E1C03B70B00551454 /* bombero1.png in Resources */,
				9EA3E8A11C03B70B00551454 /* carpintero2.png in Resources */,
				9E2C25551B9E4B3B00F50E99 /* Images.xcassets in Resources */,
				9E99BEAE1C03AB9300D49F1A /* burro.wav in Resources */,
				9EE5386B1C01282A008130EF /* vaca.jpg in Resources */,
				9EA3E8AE1C03B70B00551454 /* policia1.png in Resources */,
				9EA3E89A1C03B70B00551454 /* atletismo1.png in Resources */,
				9EE538601C01261B008130EF /* elefante.jpg in Resources */,
			);
			runOnlyForDeploymentPostprocessing = 0;
		};
		9E2C255B1B9E4B3B00F50E99 /* Resources */ = {
			isa = PBXResourcesBuildPhase;
			buildActionMask = 2147483647;
			files = (
			);
			runOnlyForDeploymentPostprocessing = 0;
		};
/* End PBXResourcesBuildPhase section */

/* Begin PBXSourcesBuildPhase section */
		9E2C25441B9E4B3B00F50E99 /* Sources */ = {
			isa = PBXSourcesBuildPhase;
			buildActionMask = 2147483647;
			files = (
				9ECC60471BC843A200F8A70D /* PlayModeViewController.swift in Sources */,
				9ECC60451BC8411500F8A70D /* SelectLevelViewController.swift in Sources */,
				9E2C25501B9E4B3B00F50E99 /* loteria.swift in Sources */,
				9E2C254E1B9E4B3B00F50E99 /* AppDelegate.swift in Sources */,
				9ECC60491BC8456E00F8A70D /* MultiplayerRoleViewController.swift in Sources */,
			);
			runOnlyForDeploymentPostprocessing = 0;
		};
		9E2C25591B9E4B3B00F50E99 /* Sources */ = {
			isa = PBXSourcesBuildPhase;
			buildActionMask = 2147483647;
			files = (
				9EE5386C1C012E6E008130EF /* loteria.swift in Sources */,
				9E2C25641B9E4B3B00F50E99 /* LoteriaCEDACTests.swift in Sources */,
			);
			runOnlyForDeploymentPostprocessing = 0;
		};
/* End PBXSourcesBuildPhase section */

/* Begin PBXTargetDependency section */
		9E2C255F1B9E4B3B00F50E99 /* PBXTargetDependency */ = {
			isa = PBXTargetDependency;
			target = 9E2C25471B9E4B3B00F50E99 /* LoteriaCEDAC */;
			targetProxy = 9E2C255E1B9E4B3B00F50E99 /* PBXContainerItemProxy */;
		};
/* End PBXTargetDependency section */

/* Begin PBXVariantGroup section */
		9E2C25511B9E4B3B00F50E99 /* Main.storyboard */ = {
			isa = PBXVariantGroup;
			children = (
				9E2C25521B9E4B3B00F50E99 /* Base */,
			);
			name = Main.storyboard;
			sourceTree = "<group>";
		};
		9E2C25561B9E4B3B00F50E99 /* LaunchScreen.xib */ = {
			isa = PBXVariantGroup;
			children = (
				9E2C25571B9E4B3B00F50E99 /* Base */,
			);
			name = LaunchScreen.xib;
			sourceTree = "<group>";
		};
/* End PBXVariantGroup section */

/* Begin XCBuildConfiguration section */
		9E2C25651B9E4B3B00F50E99 /* Debug */ = {
			isa = XCBuildConfiguration;
			buildSettings = {
				ALWAYS_SEARCH_USER_PATHS = NO;
				CLANG_CXX_LANGUAGE_STANDARD = "gnu++0x";
				CLANG_CXX_LIBRARY = "libc++";
				CLANG_ENABLE_MODULES = YES;
				CLANG_ENABLE_OBJC_ARC = YES;
				CLANG_WARN_BOOL_CONVERSION = YES;
				CLANG_WARN_CONSTANT_CONVERSION = YES;
				CLANG_WARN_DIRECT_OBJC_ISA_USAGE = YES_ERROR;
				CLANG_WARN_EMPTY_BODY = YES;
				CLANG_WARN_ENUM_CONVERSION = YES;
				CLANG_WARN_INT_CONVERSION = YES;
				CLANG_WARN_OBJC_ROOT_CLASS = YES_ERROR;
				CLANG_WARN_UNREACHABLE_CODE = YES;
				CLANG_WARN__DUPLICATE_METHOD_MATCH = YES;
				"CODE_SIGN_IDENTITY[sdk=iphoneos*]" = "iPhone Developer";
				COPY_PHASE_STRIP = NO;
				DEBUG_INFORMATION_FORMAT = "dwarf-with-dsym";
				ENABLE_STRICT_OBJC_MSGSEND = YES;
				ENABLE_TESTABILITY = YES;
				GCC_C_LANGUAGE_STANDARD = gnu99;
				GCC_DYNAMIC_NO_PIC = NO;
				GCC_NO_COMMON_BLOCKS = YES;
				GCC_OPTIMIZATION_LEVEL = 0;
				GCC_PREPROCESSOR_DEFINITIONS = (
					"DEBUG=1",
					"$(inherited)",
				);
				GCC_SYMBOLS_PRIVATE_EXTERN = NO;
				GCC_WARN_64_TO_32_BIT_CONVERSION = YES;
				GCC_WARN_ABOUT_RETURN_TYPE = YES_ERROR;
				GCC_WARN_UNDECLARED_SELECTOR = YES;
				GCC_WARN_UNINITIALIZED_AUTOS = YES_AGGRESSIVE;
				GCC_WARN_UNUSED_FUNCTION = YES;
				GCC_WARN_UNUSED_VARIABLE = YES;
				IPHONEOS_DEPLOYMENT_TARGET = 9.0;
				MTL_ENABLE_DEBUG_INFO = YES;
				ONLY_ACTIVE_ARCH = YES;
				SDKROOT = iphoneos;
				SWIFT_OPTIMIZATION_LEVEL = "-Onone";
				TARGETED_DEVICE_FAMILY = "1,2";
			};
			name = Debug;
		};
		9E2C25661B9E4B3B00F50E99 /* Release */ = {
			isa = XCBuildConfiguration;
			buildSettings = {
				ALWAYS_SEARCH_USER_PATHS = NO;
				CLANG_CXX_LANGUAGE_STANDARD = "gnu++0x";
				CLANG_CXX_LIBRARY = "libc++";
				CLANG_ENABLE_MODULES = YES;
				CLANG_ENABLE_OBJC_ARC = YES;
				CLANG_WARN_BOOL_CONVERSION = YES;
				CLANG_WARN_CONSTANT_CONVERSION = YES;
				CLANG_WARN_DIRECT_OBJC_ISA_USAGE = YES_ERROR;
				CLANG_WARN_EMPTY_BODY = YES;
				CLANG_WARN_ENUM_CONVERSION = YES;
				CLANG_WARN_INT_CONVERSION = YES;
				CLANG_WARN_OBJC_ROOT_CLASS = YES_ERROR;
				CLANG_WARN_UNREACHABLE_CODE = YES;
				CLANG_WARN__DUPLICATE_METHOD_MATCH = YES;
				"CODE_SIGN_IDENTITY[sdk=iphoneos*]" = "iPhone Developer";
				COPY_PHASE_STRIP = NO;
				DEBUG_INFORMATION_FORMAT = "dwarf-with-dsym";
				ENABLE_NS_ASSERTIONS = NO;
				ENABLE_STRICT_OBJC_MSGSEND = YES;
				GCC_C_LANGUAGE_STANDARD = gnu99;
				GCC_NO_COMMON_BLOCKS = YES;
				GCC_WARN_64_TO_32_BIT_CONVERSION = YES;
				GCC_WARN_ABOUT_RETURN_TYPE = YES_ERROR;
				GCC_WARN_UNDECLARED_SELECTOR = YES;
				GCC_WARN_UNINITIALIZED_AUTOS = YES_AGGRESSIVE;
				GCC_WARN_UNUSED_FUNCTION = YES;
				GCC_WARN_UNUSED_VARIABLE = YES;
				IPHONEOS_DEPLOYMENT_TARGET = 9.0;
				MTL_ENABLE_DEBUG_INFO = NO;
				SDKROOT = iphoneos;
				TARGETED_DEVICE_FAMILY = "1,2";
				VALIDATE_PRODUCT = YES;
			};
			name = Release;
		};
		9E2C25681B9E4B3B00F50E99 /* Debug */ = {
			isa = XCBuildConfiguration;
			buildSettings = {
				ASSETCATALOG_COMPILER_APPICON_NAME = AppIcon;
				INFOPLIST_FILE = LoteriaCEDAC/Info.plist;
				LD_RUNPATH_SEARCH_PATHS = "$(inherited) @executable_path/Frameworks";
				PRODUCT_BUNDLE_IDENTIFIER = "mx.rmr.$(PRODUCT_NAME:rfc1034identifier)";
				PRODUCT_NAME = "$(TARGET_NAME)";
			};
			name = Debug;
		};
		9E2C25691B9E4B3B00F50E99 /* Release */ = {
			isa = XCBuildConfiguration;
			buildSettings = {
				ASSETCATALOG_COMPILER_APPICON_NAME = AppIcon;
				INFOPLIST_FILE = LoteriaCEDAC/Info.plist;
				LD_RUNPATH_SEARCH_PATHS = "$(inherited) @executable_path/Frameworks";
				PRODUCT_BUNDLE_IDENTIFIER = "mx.rmr.$(PRODUCT_NAME:rfc1034identifier)";
				PRODUCT_NAME = "$(TARGET_NAME)";
			};
			name = Release;
		};
		9E2C256B1B9E4B3B00F50E99 /* Debug */ = {
			isa = XCBuildConfiguration;
			buildSettings = {
				BUNDLE_LOADER = "$(TEST_HOST)";
				FRAMEWORK_SEARCH_PATHS = (
					"$(SDKROOT)/Developer/Library/Frameworks",
					"$(inherited)",
				);
				GCC_PREPROCESSOR_DEFINITIONS = (
					"DEBUG=1",
					"$(inherited)",
				);
				INFOPLIST_FILE = LoteriaCEDACTests/Info.plist;
				LD_RUNPATH_SEARCH_PATHS = "$(inherited) @executable_path/Frameworks @loader_path/Frameworks";
				PRODUCT_BUNDLE_IDENTIFIER = "mx.rmr.$(PRODUCT_NAME:rfc1034identifier)";
				PRODUCT_NAME = "$(TARGET_NAME)";
				TEST_HOST = "$(BUILT_PRODUCTS_DIR)/LoteriaCEDAC.app/LoteriaCEDAC";
			};
			name = Debug;
		};
		9E2C256C1B9E4B3B00F50E99 /* Release */ = {
			isa = XCBuildConfiguration;
			buildSettings = {
				BUNDLE_LOADER = "$(TEST_HOST)";
				FRAMEWORK_SEARCH_PATHS = (
					"$(SDKROOT)/Developer/Library/Frameworks",
					"$(inherited)",
				);
				INFOPLIST_FILE = LoteriaCEDACTests/Info.plist;
				LD_RUNPATH_SEARCH_PATHS = "$(inherited) @executable_path/Frameworks @loader_path/Frameworks";
				PRODUCT_BUNDLE_IDENTIFIER = "mx.rmr.$(PRODUCT_NAME:rfc1034identifier)";
				PRODUCT_NAME = "$(TARGET_NAME)";
				TEST_HOST = "$(BUILT_PRODUCTS_DIR)/LoteriaCEDAC.app/LoteriaCEDAC";
			};
			name = Release;
		};
/* End XCBuildConfiguration section */

/* Begin XCConfigurationList section */
		9E2C25431B9E4B3B00F50E99 /* Build configuration list for PBXProject "LoteriaCEDAC" */ = {
			isa = XCConfigurationList;
			buildConfigurations = (
				9E2C25651B9E4B3B00F50E99 /* Debug */,
				9E2C25661B9E4B3B00F50E99 /* Release */,
			);
			defaultConfigurationIsVisible = 0;
			defaultConfigurationName = Release;
		};
		9E2C25671B9E4B3B00F50E99 /* Build configuration list for PBXNativeTarget "LoteriaCEDAC" */ = {
			isa = XCConfigurationList;
			buildConfigurations = (
				9E2C25681B9E4B3B00F50E99 /* Debug */,
				9E2C25691B9E4B3B00F50E99 /* Release */,
			);
			defaultConfigurationIsVisible = 0;
			defaultConfigurationName = Release;
		};
		9E2C256A1B9E4B3B00F50E99 /* Build configuration list for PBXNativeTarget "LoteriaCEDACTests" */ = {
			isa = XCConfigurationList;
			buildConfigurations = (
				9E2C256B1B9E4B3B00F50E99 /* Debug */,
				9E2C256C1B9E4B3B00F50E99 /* Release */,
			);
			defaultConfigurationIsVisible = 0;
			defaultConfigurationName = Release;
		};
/* End XCConfigurationList section */
	};
	rootObject = 9E2C25401B9E4B3B00F50E99 /* Project object */;
}
